
Microsoft Visual Studio Solution File, Format Version 12.00
# Visual Studio Version 17
VisualStudioVersion = 17.11.35222.181
MinimumVisualStudioVersion = 10.0.40219.1
Project("{FAE04EC0-301F-11D3-BF4B-00C04F79EFBC}") = "Onatrix", "Onatrix\Onatrix.csproj", "{772ADC3F-8B67-48A0-B8B8-EE048732C8F3}"
EndProject
Global
	GlobalSection(SolutionConfigurationPlatforms) = preSolution
		Debug|Any CPU = Debug|Any CPU
		Release|Any CPU = Release|Any CPU
	EndGlobalSection
	GlobalSection(ProjectConfigurationPlatforms) = postSolution
		{772ADC3F-8B67-48A0-B8B8-EE048732C8F3}.Debug|Any CPU.ActiveCfg = Debug|Any CPU
		{772ADC3F-8B67-48A0-B8B8-EE048732C8F3}.Debug|Any CPU.Build.0 = Debug|Any CPU
		{772ADC3F-8B67-48A0-B8B8-EE048732C8F3}.Release|Any CPU.ActiveCfg = Release|Any CPU
		{772ADC3F-8B67-48A0-B8B8-EE048732C8F3}.Release|Any CPU.Build.0 = Release|Any CPU
	EndGlobalSection
	GlobalSection(SolutionProperties) = preSolution
		HideSolutionNode = FALSE
	EndGlobalSection
	GlobalSection(ExtensibilityGlobals) = postSolution
		SolutionGuid = {DDBCF7A7-5A34-47DC-B0D7-BBC9B563F7D9}
	EndGlobalSection
EndGlobal
